
Microsoft Visual Studio Solution File, Format Version 12.00
# Visual Studio Version 17
VisualStudioVersion = 17.5.002.0
MinimumVisualStudioVersion = 10.0.40219.1
Project("{9A19103F-16F7-4668-BE54-9A1E7A4F7556}") = "dotnet-9 vazifa", "dotnet-9 vazifa.csproj", "{4D887F2C-F77F-410E-AE72-D7156ECEB866}"
EndProject
Global
	GlobalSection(SolutionConfigurationPlatforms) = preSolution
		Debug|Any CPU = Debug|Any CPU
		Release|Any CPU = Release|Any CPU
	EndGlobalSection
	GlobalSection(ProjectConfigurationPlatforms) = postSolution
		{4D887F2C-F77F-410E-AE72-D7156ECEB866}.Debug|Any CPU.ActiveCfg = Debug|Any CPU
		{4D887F2C-F77F-410E-AE72-D7156ECEB866}.Debug|Any CPU.Build.0 = Debug|Any CPU
		{4D887F2C-F77F-410E-AE72-D7156ECEB866}.Release|Any CPU.ActiveCfg = Release|Any CPU
		{4D887F2C-F77F-410E-AE72-D7156ECEB866}.Release|Any CPU.Build.0 = Release|Any CPU
	EndGlobalSection
	GlobalSection(SolutionProperties) = preSolution
		HideSolutionNode = FALSE
	EndGlobalSection
	GlobalSection(ExtensibilityGlobals) = postSolution
		SolutionGuid = {727B2437-E91A-4E83-9482-E063A99D59A2}
	EndGlobalSection
EndGlobal
